{
  "name": "run3",
  "lockfileVersion": 3,
  "requires": true,
  "packages": {
    "": {
      "dependencies": {
        "openfl": "^9.4.1"
      }
    },
    "node_modules/file-saver": {
      "version": "1.3.8",
      "resolved": "https://registry.npmjs.org/file-saver/-/file-saver-1.3.8.tgz",
      "integrity": "sha512-spKHSBQIxxS81N/O21WmuXA2F6wppUCsutpzenOeZzOCCJ5gEfcbqJP983IrpLXzYmXnMUa6J03SubcNPdKrlg=="
    },
    "node_modules/howler": {
      "version": "2.2.4",
      "resolved": "https://registry.npmjs.org/howler/-/howler-2.2.4.tgz",
      "integrity": "sha512-iARIBPgcQrwtEr+tALF+rapJ8qSc+Set2GJQl7xT1MQzWaVkFebdJhR3alVlSiUf5U7nAANKuj3aWpwerocD5w=="
    },
    "node_modules/openfl": {
      "version": "9.4.1",
      "resolved": "https://registry.npmjs.org/openfl/-/openfl-9.4.1.tgz",
      "integrity": "sha512-t43EjEUrQKGj9QmjmT9KmGE7Zfmyap68RCUV+3Dbeckb/hyMiWlRzdJ1JuzW6d9h7hzMHbDBQHFuIyfDs1CGDQ==",
      "dependencies": {
        "file-saver": "^1.3.8",
        "howler": "^2.0.15",
        "pako": "^1.0.6"
      },
      "bin": {
        "openfljs": "bin/openfl.js"
      }
    },
    "node_modules/pako": {
      "version": "1.0.11",
      "resolved": "https://registry.npmjs.org/pako/-/pako-1.0.11.tgz",
      "integrity": "sha512-4hLB8Py4zZce5s4yd9XzopqwVv/yGNhV1Bl8NTmCq1763HeK2+EwVTv+leGeL13Dnh2wfbqowVPXCIO0z4taYw=="
    }
  }
}
